{
  "originHash" : "daccd822f61a37516758e8df328a241386efd967f94666043dc2f58231e87d1c",
  "pins" : [
    {
      "identity" : "wwsqlite3manager",
      "kind" : "remoteSourceControl",
      "location" : "https://github.com/William-Weng/WWSQLite3Manager",
      "state" : {
        "revision" : "b2b984c645659cb396ebdbda7f3eeba19a46dfda",
        "version" : "2.2.2"
      }
    }
  ],
  "version" : 3
}
