{
  "originHash" : "daccd822f61a37516758e8df328a241386efd967f94666043dc2f58231e87d1c",
  "pins" : [
    {
      "identity" : "wwsqlite3manager",
      "kind" : "remoteSourceControl",
      "location" : "https://github.com/William-Weng/WWSQLite3Manager",
      "state" : {
        "revision" : "ee891e7daf23c18529cb1e0987d61afd9c421ca3",
        "version" : "2.4.3"
      }
    }
  ],
  "version" : 3
}
